// !$*UTF8*$!
{
	archiveVersion = 1;
	classes = {
	};
	objectVersion = 46;
	objects = {

/* Begin PBXBuildFile section */
		6BDEC2791D7571940012A198 /* AppDelegate.swift in Sources */ = {isa = PBXBuildFile; fileRef = 6BDEC2781D7571940012A198 /* AppDelegate.swift */; };
		6BDEC27E1D7571940012A198 /* Main.storyboard in Resources */ = {isa = PBXBuildFile; fileRef = 6BDEC27C1D7571940012A198 /* Main.storyboard */; };
		6BDEC2801D7571940012A198 /* Assets.xcassets in Resources */ = {isa = PBXBuildFile; fileRef = 6BDEC27F1D7571940012A198 /* Assets.xcassets */; };
		6BDEC2831D7571940012A198 /* LaunchScreen.storyboard in Resources */ = {isa = PBXBuildFile; fileRef = 6BDEC2811D7571940012A198 /* LaunchScreen.storyboard */; };
		6BDEC28C1D7572280012A198 /* TweetTableViewController.swift in Sources */ = {isa = PBXBuildFile; fileRef = 6BDEC28B1D7572280012A198 /* TweetTableViewController.swift */; };
		6BDEC28F1D7577170012A198 /* Twitter.framework in Frameworks */ = {isa = PBXBuildFile; fileRef = 6BDEC28E1D7577170012A198 /* Twitter.framework */; };
/* End PBXBuildFile section */

/* Begin PBXFileReference section */
		6BDEC2751D7571940012A198 /* Smashtag.app */ = {isa = PBXFileReference; explicitFileType = wrapper.application; includeInIndex = 0; path = Smashtag.app; sourceTree = BUILT_PRODUCTS_DIR; };
		6BDEC2781D7571940012A198 /* AppDelegate.swift */ = {isa = PBXFileReference; lastKnownFileType = sourcecode.swift; path = AppDelegate.swift; sourceTree = "<group>"; };
		6BDEC27D1D7571940012A198 /* Base */ = {isa = PBXFileReference; lastKnownFileType = file.storyboard; name = Base; path = Base.lproj/Main.storyboard; sourceTree = "<group>"; };
		6BDEC27F1D7571940012A198 /* Assets.xcassets */ = {isa = PBXFileReference; lastKnownFileType = folder.assetcatalog; path = Assets.xcassets; sourceTree = "<group>"; };
		6BDEC2821D7571940012A198 /* Base */ = {isa = PBXFileReference; lastKnownFileType = file.storyboard; name = Base; path = Base.lproj/LaunchScreen.storyboard; sourceTree = "<group>"; };
		6BDEC2841D7571940012A198 /* Info.plist */ = {isa = PBXFileReference; lastKnownFileType = text.plist.xml; path = Info.plist; sourceTree = "<group>"; };
		6BDEC28B1D7572280012A198 /* TweetTableViewController.swift */ = {isa = PBXFileReference; fileEncoding = 4; lastKnownFileType = sourcecode.swift; path = TweetTableViewController.swift; sourceTree = "<group>"; };
		6BDEC28E1D7577170012A198 /* Twitter.framework */ = {isa = PBXFileReference; lastKnownFileType = wrapper.framework; name = Twitter.framework; path = "../../../../Library/Developer/Xcode/DerivedData/Lecture9-bwyhuehsnywdivdusgabhwqanrfu/Build/Products/Debug-iphoneos/Twitter.framework"; sourceTree = "<group>"; };
/* End PBXFileReference section */

/* Begin PBXFrameworksBuildPhase section */
		6BDEC2721D7571940012A198 /* Frameworks */ = {
			isa = PBXFrameworksBuildPhase;
			buildActionMask = 2147483647;
			files = (
				6BDEC28F1D7577170012A198 /* Twitter.framework in Frameworks */,
			);
			runOnlyForDeploymentPostprocessing = 0;
		};
/* End PBXFrameworksBuildPhase section */

/* Begin PBXGroup section */
		6BDEC26C1D7571940012A198 = {
			isa = PBXGroup;
			children = (
				6BDEC2771D7571940012A198 /* Smashtag */,
				6BDEC2761D7571940012A198 /* Products */,
				6BDEC28D1D7577170012A198 /* Frameworks */,
			);
			sourceTree = "<group>";
		};
		6BDEC2761D7571940012A198 /* Products */ = {
			isa = PBXGroup;
			children = (
				6BDEC2751D7571940012A198 /* Smashtag.app */,
			);
			name = Products;
			sourceTree = "<group>";
		};
		6BDEC2771D7571940012A198 /* Smashtag */ = {
			isa = PBXGroup;
			children = (
				6BDEC27C1D7571940012A198 /* Main.storyboard */,
				6BDEC28B1D7572280012A198 /* TweetTableViewController.swift */,
				6BDEC28A1D7571B50012A198 /* Supporting Files */,
			);
			path = Smashtag;
			sourceTree = "<group>";
		};
		6BDEC28A1D7571B50012A198 /* Supporting Files */ = {
			isa = PBXGroup;
			children = (
				6BDEC2781D7571940012A198 /* AppDelegate.swift */,
				6BDEC27F1D7571940012A198 /* Assets.xcassets */,
				6BDEC2811D7571940012A198 /* LaunchScreen.storyboard */,
				6BDEC2841D7571940012A198 /* Info.plist */,
			);
			name = "Supporting Files";
			sourceTree = "<group>";
		};
		6BDEC28D1D7577170012A198 /* Frameworks */ = {
			isa = PBXGroup;
			children = (
				6BDEC28E1D7577170012A198 /* Twitter.framework */,
			);
			name = Frameworks;
			sourceTree = "<group>";
		};
/* End PBXGroup section */

/* Begin PBXNativeTarget section */
		6BDEC2741D7571940012A198 /* Smashtag */ = {
			isa = PBXNativeTarget;
			buildConfigurationList = 6BDEC2871D7571940012A198 /* Build configuration list for PBXNativeTarget "Smashtag" */;
			buildPhases = (
				6BDEC2711D7571940012A198 /* Sources */,
				6BDEC2721D7571940012A198 /* Frameworks */,
				6BDEC2731D7571940012A198 /* Resources */,
			);
			buildRules = (
			);
			dependencies = (
			);
			name = Smashtag;
			productName = Smashtag;
			productReference = 6BDEC2751D7571940012A198 /* Smashtag.app */;
			productType = "com.apple.product-type.application";
		};
/* End PBXNativeTarget section */

/* Begin PBXProject section */
		6BDEC26D1D7571940012A198 /* Project object */ = {
			isa = PBXProject;
			attributes = {
				LastSwiftUpdateCheck = 0800;
				LastUpgradeCheck = 0800;
				ORGANIZATIONNAME = "ARTE Co., Ltd.";
				TargetAttributes = {
					6BDEC2741D7571940012A198 = {
						CreatedOnToolsVersion = 8.0;
						DevelopmentTeam = DB5FPWGTP9;
						DevelopmentTeamName = "翠太 藤野 (Personal Team)";
						ProvisioningStyle = Automatic;
					};
				};
			};
			buildConfigurationList = 6BDEC2701D7571940012A198 /* Build configuration list for PBXProject "Smashtag" */;
			compatibilityVersion = "Xcode 3.2";
			developmentRegion = English;
			hasScannedForEncodings = 0;
			knownRegions = (
				en,
				Base,
			);
			mainGroup = 6BDEC26C1D7571940012A198;
			productRefGroup = 6BDEC2761D7571940012A198 /* Products */;
			projectDirPath = "";
			projectRoot = "";
			targets = (
				6BDEC2741D7571940012A198 /* Smashtag */,
			);
		};
/* End PBXProject section */

/* Begin PBXResourcesBuildPhase section */
		6BDEC2731D7571940012A198 /* Resources */ = {
			isa = PBXResourcesBuildPhase;
			buildActionMask = 2147483647;
			files = (
				6BDEC2831D7571940012A198 /* LaunchScreen.storyboard in Resources */,
				6BDEC2801D7571940012A198 /* Assets.xcassets in Resources */,
				6BDEC27E1D7571940012A198 /* Main.storyboard in Resources */,
			);
			runOnlyForDeploymentPostprocessing = 0;
		};
/* End PBXResourcesBuildPhase section */

/* Begin PBXSourcesBuildPhase section */
		6BDEC2711D7571940012A198 /* Sources */ = {
			isa = PBXSourcesBuildPhase;
			buildActionMask = 2147483647;
			files = (
				6BDEC2791D7571940012A198 /* AppDelegate.swift in Sources */,
				6BDEC28C1D7572280012A198 /* TweetTableViewController.swift in Sources */,
			);
			runOnlyForDeploymentPostprocessing = 0;
		};
/* End PBXSourcesBuildPhase section */

/* Begin PBXVariantGroup section */
		6BDEC27C1D7571940012A198 /* Main.storyboard */ = {
			isa = PBXVariantGroup;
			children = (
				6BDEC27D1D7571940012A198 /* Base */,
			);
			name = Main.storyboard;
			sourceTree = "<group>";
		};
		6BDEC2811D7571940012A198 /* LaunchScreen.storyboard */ = {
			isa = PBXVariantGroup;
			children = (
				6BDEC2821D7571940012A198 /* Base */,
			);
			name = LaunchScreen.storyboard;
			sourceTree = "<group>";
		};
/* End PBXVariantGroup section */

/* Begin XCBuildConfiguration section */
		6BDEC2851D7571940012A198 /* Debug */ = {
			isa = XCBuildConfiguration;
			buildSettings = {
				ALWAYS_SEARCH_USER_PATHS = NO;
				CLANG_ANALYZER_NONNULL = YES;
				CLANG_CXX_LANGUAGE_STANDARD = "gnu++0x";
				CLANG_CXX_LIBRARY = "libc++";
				CLANG_ENABLE_MODULES = YES;
				CLANG_ENABLE_OBJC_ARC = YES;
				CLANG_WARN_BOOL_CONVERSION = YES;
				CLANG_WARN_CONSTANT_CONVERSION = YES;
				CLANG_WARN_DIRECT_OBJC_ISA_USAGE = YES_ERROR;
				CLANG_WARN_DOCUMENTATION_COMMENTS = YES;
				CLANG_WARN_EMPTY_BODY = YES;
				CLANG_WARN_ENUM_CONVERSION = YES;
				CLANG_WARN_INT_CONVERSION = YES;
				CLANG_WARN_OBJC_ROOT_CLASS = YES_ERROR;
				CLANG_WARN_UNREACHABLE_CODE = YES;
				CLANG_WARN__DUPLICATE_METHOD_MATCH = YES;
				"CODE_SIGN_IDENTITY[sdk=iphoneos*]" = "iPhone Developer";
				COPY_PHASE_STRIP = NO;
				DEBUG_INFORMATION_FORMAT = dwarf;
				ENABLE_STRICT_OBJC_MSGSEND = YES;
				ENABLE_TESTABILITY = YES;
				GCC_C_LANGUAGE_STANDARD = gnu99;
				GCC_DYNAMIC_NO_PIC = NO;
				GCC_NO_COMMON_BLOCKS = YES;
				GCC_OPTIMIZATION_LEVEL = 0;
				GCC_PREPROCESSOR_DEFINITIONS = (
					"DEBUG=1",
					"$(inherited)",
				);
				GCC_WARN_64_TO_32_BIT_CONVERSION = YES;
				GCC_WARN_ABOUT_RETURN_TYPE = YES_ERROR;
				GCC_WARN_UNDECLARED_SELECTOR = YES;
				GCC_WARN_UNINITIALIZED_AUTOS = YES_AGGRESSIVE;
				GCC_WARN_UNUSED_FUNCTION = YES;
				GCC_WARN_UNUSED_VARIABLE = YES;
				IPHONEOS_DEPLOYMENT_TARGET = 10.0;
				MTL_ENABLE_DEBUG_INFO = YES;
				ONLY_ACTIVE_ARCH = YES;
				SDKROOT = iphoneos;
				SWIFT_ACTIVE_COMPILATION_CONDITIONS = DEBUG;
				SWIFT_OPTIMIZATION_LEVEL = "-Onone";
			};
			name = Debug;
		};
		6BDEC2861D7571940012A198 /* Release */ = {
			isa = XCBuildConfiguration;
			buildSettings = {
				ALWAYS_SEARCH_USER_PATHS = NO;
				CLANG_ANALYZER_NONNULL = YES;
				CLANG_CXX_LANGUAGE_STANDARD = "gnu++0x";
				CLANG_CXX_LIBRARY = "libc++";
				CLANG_ENABLE_MODULES = YES;
				CLANG_ENABLE_OBJC_ARC = YES;
				CLANG_WARN_BOOL_CONVERSION = YES;
				CLANG_WARN_CONSTANT_CONVERSION = YES;
				CLANG_WARN_DIRECT_OBJC_ISA_USAGE = YES_ERROR;
				CLANG_WARN_DOCUMENTATION_COMMENTS = YES;
				CLANG_WARN_EMPTY_BODY = YES;
				CLANG_WARN_ENUM_CONVERSION = YES;
				CLANG_WARN_INT_CONVERSION = YES;
				CLANG_WARN_OBJC_ROOT_CLASS = YES_ERROR;
				CLANG_WARN_UNREACHABLE_CODE = YES;
				CLANG_WARN__DUPLICATE_METHOD_MATCH = YES;
				"CODE_SIGN_IDENTITY[sdk=iphoneos*]" = "iPhone Developer";
				COPY_PHASE_STRIP = NO;
				DEBUG_INFORMATION_FORMAT = "dwarf-with-dsym";
				ENABLE_NS_ASSERTIONS = NO;
				ENABLE_STRICT_OBJC_MSGSEND = YES;
				GCC_C_LANGUAGE_STANDARD = gnu99;
				GCC_NO_COMMON_BLOCKS = YES;
				GCC_WARN_64_TO_32_BIT_CONVERSION = YES;
				GCC_WARN_ABOUT_RETURN_TYPE = YES_ERROR;
				GCC_WARN_UNDECLARED_SELECTOR = YES;
				GCC_WARN_UNINITIALIZED_AUTOS = YES_AGGRESSIVE;
				GCC_WARN_UNUSED_FUNCTION = YES;
				GCC_WARN_UNUSED_VARIABLE = YES;
				IPHONEOS_DEPLOYMENT_TARGET = 10.0;
				MTL_ENABLE_DEBUG_INFO = NO;
				SDKROOT = iphoneos;
				SWIFT_OPTIMIZATION_LEVEL = "-Owholemodule";
				VALIDATE_PRODUCT = YES;
			};
			name = Release;
		};
		6BDEC2881D7571940012A198 /* Debug */ = {
			isa = XCBuildConfiguration;
			buildSettings = {
				ASSETCATALOG_COMPILER_APPICON_NAME = AppIcon;
				INFOPLIST_FILE = Smashtag/Info.plist;
				LD_RUNPATH_SEARCH_PATHS = "$(inherited) @executable_path/Frameworks";
				PRODUCT_BUNDLE_IDENTIFIER = "jp.co.arte-inc.Smashtag";
				PRODUCT_NAME = "$(TARGET_NAME)";
				SWIFT_VERSION = 3.0;
			};
			name = Debug;
		};
		6BDEC2891D7571940012A198 /* Release */ = {
			isa = XCBuildConfiguration;
			buildSettings = {
				ASSETCATALOG_COMPILER_APPICON_NAME = AppIcon;
				INFOPLIST_FILE = Smashtag/Info.plist;
				LD_RUNPATH_SEARCH_PATHS = "$(inherited) @executable_path/Frameworks";
				PRODUCT_BUNDLE_IDENTIFIER = "jp.co.arte-inc.Smashtag";
				PRODUCT_NAME = "$(TARGET_NAME)";
				SWIFT_VERSION = 3.0;
			};
			name = Release;
		};
/* End XCBuildConfiguration section */

/* Begin XCConfigurationList section */
		6BDEC2701D7571940012A198 /* Build configuration list for PBXProject "Smashtag" */ = {
			isa = XCConfigurationList;
			buildConfigurations = (
				6BDEC2851D7571940012A198 /* Debug */,
				6BDEC2861D7571940012A198 /* Release */,
			);
			defaultConfigurationIsVisible = 0;
			defaultConfigurationName = Release;
		};
		6BDEC2871D7571940012A198 /* Build configuration list for PBXNativeTarget "Smashtag" */ = {
			isa = XCConfigurationList;
			buildConfigurations = (
				6BDEC2881D7571940012A198 /* Debug */,
				6BDEC2891D7571940012A198 /* Release */,
			);
			defaultConfigurationIsVisible = 0;
			defaultConfigurationName = Release;
		};
/* End XCConfigurationList section */
	};
	rootObject = 6BDEC26D1D7571940012A198 /* Project object */;
}
