// !$*UTF8*$!
{
	archiveVersion = 1;
	classes = {
	};
	objectVersion = 46;
	objects = {

/* Begin PBXBuildFile section */
		6B178D831D4F2D4100CF1611 /* AppDelegate.swift in Sources */ = {isa = PBXBuildFile; fileRef = 6B178D821D4F2D4100CF1611 /* AppDelegate.swift */; };
		6B178D851D4F2D4100CF1611 /* ViewController.swift in Sources */ = {isa = PBXBuildFile; fileRef = 6B178D841D4F2D4100CF1611 /* ViewController.swift */; };
		6B178D881D4F2D4100CF1611 /* Main.storyboard in Resources */ = {isa = PBXBuildFile; fileRef = 6B178D861D4F2D4100CF1611 /* Main.storyboard */; };
		6B178D8A1D4F2D4100CF1611 /* Assets.xcassets in Resources */ = {isa = PBXBuildFile; fileRef = 6B178D891D4F2D4100CF1611 /* Assets.xcassets */; };
		6B178D8D1D4F2D4100CF1611 /* LaunchScreen.storyboard in Resources */ = {isa = PBXBuildFile; fileRef = 6B178D8B1D4F2D4100CF1611 /* LaunchScreen.storyboard */; };
		6BE5C4BA1D506A7D0040BE37 /* CalculatorBrain.swift in Sources */ = {isa = PBXBuildFile; fileRef = 6BE5C4B91D506A7D0040BE37 /* CalculatorBrain.swift */; };
/* End PBXBuildFile section */

/* Begin PBXFileReference section */
		6B178D7F1D4F2D4100CF1611 /* Calculator.app */ = {isa = PBXFileReference; explicitFileType = wrapper.application; includeInIndex = 0; path = Calculator.app; sourceTree = BUILT_PRODUCTS_DIR; };
		6B178D821D4F2D4100CF1611 /* AppDelegate.swift */ = {isa = PBXFileReference; lastKnownFileType = sourcecode.swift; path = AppDelegate.swift; sourceTree = "<group>"; };
		6B178D841D4F2D4100CF1611 /* ViewController.swift */ = {isa = PBXFileReference; lastKnownFileType = sourcecode.swift; path = ViewController.swift; sourceTree = "<group>"; };
		6B178D871D4F2D4100CF1611 /* Base */ = {isa = PBXFileReference; lastKnownFileType = file.storyboard; name = Base; path = Base.lproj/Main.storyboard; sourceTree = "<group>"; };
		6B178D891D4F2D4100CF1611 /* Assets.xcassets */ = {isa = PBXFileReference; lastKnownFileType = folder.assetcatalog; path = Assets.xcassets; sourceTree = "<group>"; };
		6B178D8C1D4F2D4100CF1611 /* Base */ = {isa = PBXFileReference; lastKnownFileType = file.storyboard; name = Base; path = Base.lproj/LaunchScreen.storyboard; sourceTree = "<group>"; };
		6B178D8E1D4F2D4100CF1611 /* Info.plist */ = {isa = PBXFileReference; lastKnownFileType = text.plist.xml; path = Info.plist; sourceTree = "<group>"; };
		6BE5C4B91D506A7D0040BE37 /* CalculatorBrain.swift */ = {isa = PBXFileReference; fileEncoding = 4; lastKnownFileType = sourcecode.swift; path = CalculatorBrain.swift; sourceTree = "<group>"; };
/* End PBXFileReference section */

/* Begin PBXFrameworksBuildPhase section */
		6B178D7C1D4F2D4000CF1611 /* Frameworks */ = {
			isa = PBXFrameworksBuildPhase;
			buildActionMask = 2147483647;
			files = (
			);
			runOnlyForDeploymentPostprocessing = 0;
		};
/* End PBXFrameworksBuildPhase section */

/* Begin PBXGroup section */
		6B178D761D4F2D4000CF1611 = {
			isa = PBXGroup;
			children = (
				6B178D811D4F2D4100CF1611 /* Calculator */,
				6B178D801D4F2D4100CF1611 /* Products */,
			);
			sourceTree = "<group>";
		};
		6B178D801D4F2D4100CF1611 /* Products */ = {
			isa = PBXGroup;
			children = (
				6B178D7F1D4F2D4100CF1611 /* Calculator.app */,
			);
			name = Products;
			sourceTree = "<group>";
		};
		6B178D811D4F2D4100CF1611 /* Calculator */ = {
			isa = PBXGroup;
			children = (
				6BE5C4B91D506A7D0040BE37 /* CalculatorBrain.swift */,
				6B178D841D4F2D4100CF1611 /* ViewController.swift */,
				6B178D861D4F2D4100CF1611 /* Main.storyboard */,
				6B178D941D4F2EE800CF1611 /* Supporting Files */,
			);
			path = Calculator;
			sourceTree = "<group>";
		};
		6B178D941D4F2EE800CF1611 /* Supporting Files */ = {
			isa = PBXGroup;
			children = (
				6B178D821D4F2D4100CF1611 /* AppDelegate.swift */,
				6B178D891D4F2D4100CF1611 /* Assets.xcassets */,
				6B178D8B1D4F2D4100CF1611 /* LaunchScreen.storyboard */,
				6B178D8E1D4F2D4100CF1611 /* Info.plist */,
			);
			name = "Supporting Files";
			sourceTree = "<group>";
		};
/* End PBXGroup section */

/* Begin PBXNativeTarget section */
		6B178D7E1D4F2D4000CF1611 /* Calculator */ = {
			isa = PBXNativeTarget;
			buildConfigurationList = 6B178D911D4F2D4100CF1611 /* Build configuration list for PBXNativeTarget "Calculator" */;
			buildPhases = (
				6B178D7B1D4F2D4000CF1611 /* Sources */,
				6B178D7C1D4F2D4000CF1611 /* Frameworks */,
				6B178D7D1D4F2D4000CF1611 /* Resources */,
			);
			buildRules = (
			);
			dependencies = (
			);
			name = Calculator;
			productName = Calculator;
			productReference = 6B178D7F1D4F2D4100CF1611 /* Calculator.app */;
			productType = "com.apple.product-type.application";
		};
/* End PBXNativeTarget section */

/* Begin PBXProject section */
		6B178D771D4F2D4000CF1611 /* Project object */ = {
			isa = PBXProject;
			attributes = {
				LastSwiftUpdateCheck = 0800;
				LastUpgradeCheck = 0800;
				ORGANIZATIONNAME = "ARTE Co., Ltd.";
				TargetAttributes = {
					6B178D7E1D4F2D4000CF1611 = {
						CreatedOnToolsVersion = 8.0;
						DevelopmentTeam = DB5FPWGTP9;
						DevelopmentTeamName = "翠太 藤野 (Personal Team)";
						ProvisioningStyle = Automatic;
					};
				};
			};
			buildConfigurationList = 6B178D7A1D4F2D4000CF1611 /* Build configuration list for PBXProject "Calculator" */;
			compatibilityVersion = "Xcode 3.2";
			developmentRegion = English;
			hasScannedForEncodings = 0;
			knownRegions = (
				en,
				Base,
			);
			mainGroup = 6B178D761D4F2D4000CF1611;
			productRefGroup = 6B178D801D4F2D4100CF1611 /* Products */;
			projectDirPath = "";
			projectRoot = "";
			targets = (
				6B178D7E1D4F2D4000CF1611 /* Calculator */,
			);
		};
/* End PBXProject section */

/* Begin PBXResourcesBuildPhase section */
		6B178D7D1D4F2D4000CF1611 /* Resources */ = {
			isa = PBXResourcesBuildPhase;
			buildActionMask = 2147483647;
			files = (
				6B178D8D1D4F2D4100CF1611 /* LaunchScreen.storyboard in Resources */,
				6B178D8A1D4F2D4100CF1611 /* Assets.xcassets in Resources */,
				6B178D881D4F2D4100CF1611 /* Main.storyboard in Resources */,
			);
			runOnlyForDeploymentPostprocessing = 0;
		};
/* End PBXResourcesBuildPhase section */

/* Begin PBXSourcesBuildPhase section */
		6B178D7B1D4F2D4000CF1611 /* Sources */ = {
			isa = PBXSourcesBuildPhase;
			buildActionMask = 2147483647;
			files = (
				6BE5C4BA1D506A7D0040BE37 /* CalculatorBrain.swift in Sources */,
				6B178D851D4F2D4100CF1611 /* ViewController.swift in Sources */,
				6B178D831D4F2D4100CF1611 /* AppDelegate.swift in Sources */,
			);
			runOnlyForDeploymentPostprocessing = 0;
		};
/* End PBXSourcesBuildPhase section */

/* Begin PBXVariantGroup section */
		6B178D861D4F2D4100CF1611 /* Main.storyboard */ = {
			isa = PBXVariantGroup;
			children = (
				6B178D871D4F2D4100CF1611 /* Base */,
			);
			name = Main.storyboard;
			sourceTree = "<group>";
		};
		6B178D8B1D4F2D4100CF1611 /* LaunchScreen.storyboard */ = {
			isa = PBXVariantGroup;
			children = (
				6B178D8C1D4F2D4100CF1611 /* Base */,
			);
			name = LaunchScreen.storyboard;
			sourceTree = "<group>";
		};
/* End PBXVariantGroup section */

/* Begin XCBuildConfiguration section */
		6B178D8F1D4F2D4100CF1611 /* Debug */ = {
			isa = XCBuildConfiguration;
			buildSettings = {
				ALWAYS_SEARCH_USER_PATHS = NO;
				CLANG_ANALYZER_NONNULL = YES;
				CLANG_CXX_LANGUAGE_STANDARD = "gnu++0x";
				CLANG_CXX_LIBRARY = "libc++";
				CLANG_ENABLE_MODULES = YES;
				CLANG_ENABLE_OBJC_ARC = YES;
				CLANG_WARN_BOOL_CONVERSION = YES;
				CLANG_WARN_CONSTANT_CONVERSION = YES;
				CLANG_WARN_DIRECT_OBJC_ISA_USAGE = YES_ERROR;
				CLANG_WARN_DOCUMENTATION_COMMENTS = YES;
				CLANG_WARN_EMPTY_BODY = YES;
				CLANG_WARN_ENUM_CONVERSION = YES;
				CLANG_WARN_INT_CONVERSION = YES;
				CLANG_WARN_OBJC_ROOT_CLASS = YES_ERROR;
				CLANG_WARN_UNREACHABLE_CODE = YES;
				CLANG_WARN__DUPLICATE_METHOD_MATCH = YES;
				"CODE_SIGN_IDENTITY[sdk=iphoneos*]" = "iPhone Developer";
				COPY_PHASE_STRIP = NO;
				DEBUG_INFORMATION_FORMAT = dwarf;
				ENABLE_STRICT_OBJC_MSGSEND = YES;
				ENABLE_TESTABILITY = YES;
				GCC_C_LANGUAGE_STANDARD = gnu99;
				GCC_DYNAMIC_NO_PIC = NO;
				GCC_NO_COMMON_BLOCKS = YES;
				GCC_OPTIMIZATION_LEVEL = 0;
				GCC_PREPROCESSOR_DEFINITIONS = (
					"DEBUG=1",
					"$(inherited)",
				);
				GCC_WARN_64_TO_32_BIT_CONVERSION = YES;
				GCC_WARN_ABOUT_RETURN_TYPE = YES_ERROR;
				GCC_WARN_UNDECLARED_SELECTOR = YES;
				GCC_WARN_UNINITIALIZED_AUTOS = YES_AGGRESSIVE;
				GCC_WARN_UNUSED_FUNCTION = YES;
				GCC_WARN_UNUSED_VARIABLE = YES;
				IPHONEOS_DEPLOYMENT_TARGET = 10.0;
				MTL_ENABLE_DEBUG_INFO = YES;
				ONLY_ACTIVE_ARCH = YES;
				SDKROOT = iphoneos;
				SWIFT_ACTIVE_COMPILATION_CONDITIONS = DEBUG;
				SWIFT_OPTIMIZATION_LEVEL = "-Onone";
				TARGETED_DEVICE_FAMILY = "1,2";
			};
			name = Debug;
		};
		6B178D901D4F2D4100CF1611 /* Release */ = {
			isa = XCBuildConfiguration;
			buildSettings = {
				ALWAYS_SEARCH_USER_PATHS = NO;
				CLANG_ANALYZER_NONNULL = YES;
				CLANG_CXX_LANGUAGE_STANDARD = "gnu++0x";
				CLANG_CXX_LIBRARY = "libc++";
				CLANG_ENABLE_MODULES = YES;
				CLANG_ENABLE_OBJC_ARC = YES;
				CLANG_WARN_BOOL_CONVERSION = YES;
				CLANG_WARN_CONSTANT_CONVERSION = YES;
				CLANG_WARN_DIRECT_OBJC_ISA_USAGE = YES_ERROR;
				CLANG_WARN_DOCUMENTATION_COMMENTS = YES;
				CLANG_WARN_EMPTY_BODY = YES;
				CLANG_WARN_ENUM_CONVERSION = YES;
				CLANG_WARN_INT_CONVERSION = YES;
				CLANG_WARN_OBJC_ROOT_CLASS = YES_ERROR;
				CLANG_WARN_UNREACHABLE_CODE = YES;
				CLANG_WARN__DUPLICATE_METHOD_MATCH = YES;
				"CODE_SIGN_IDENTITY[sdk=iphoneos*]" = "iPhone Developer";
				COPY_PHASE_STRIP = NO;
				DEBUG_INFORMATION_FORMAT = "dwarf-with-dsym";
				ENABLE_NS_ASSERTIONS = NO;
				ENABLE_STRICT_OBJC_MSGSEND = YES;
				GCC_C_LANGUAGE_STANDARD = gnu99;
				GCC_NO_COMMON_BLOCKS = YES;
				GCC_WARN_64_TO_32_BIT_CONVERSION = YES;
				GCC_WARN_ABOUT_RETURN_TYPE = YES_ERROR;
				GCC_WARN_UNDECLARED_SELECTOR = YES;
				GCC_WARN_UNINITIALIZED_AUTOS = YES_AGGRESSIVE;
				GCC_WARN_UNUSED_FUNCTION = YES;
				GCC_WARN_UNUSED_VARIABLE = YES;
				IPHONEOS_DEPLOYMENT_TARGET = 10.0;
				MTL_ENABLE_DEBUG_INFO = NO;
				SDKROOT = iphoneos;
				SWIFT_OPTIMIZATION_LEVEL = "-Owholemodule";
				TARGETED_DEVICE_FAMILY = "1,2";
				VALIDATE_PRODUCT = YES;
			};
			name = Release;
		};
		6B178D921D4F2D4100CF1611 /* Debug */ = {
			isa = XCBuildConfiguration;
			buildSettings = {
				ASSETCATALOG_COMPILER_APPICON_NAME = AppIcon;
				"CODE_SIGN_IDENTITY[sdk=iphoneos*]" = "iPhone Developer";
				INFOPLIST_FILE = Calculator/Info.plist;
				LD_RUNPATH_SEARCH_PATHS = "$(inherited) @executable_path/Frameworks";
				PRODUCT_BUNDLE_IDENTIFIER = "jp.co.arte-inc.Calculator";
				PRODUCT_NAME = "$(TARGET_NAME)";
				SWIFT_VERSION = 3.0;
			};
			name = Debug;
		};
		6B178D931D4F2D4100CF1611 /* Release */ = {
			isa = XCBuildConfiguration;
			buildSettings = {
				ASSETCATALOG_COMPILER_APPICON_NAME = AppIcon;
				"CODE_SIGN_IDENTITY[sdk=iphoneos*]" = "iPhone Developer";
				INFOPLIST_FILE = Calculator/Info.plist;
				LD_RUNPATH_SEARCH_PATHS = "$(inherited) @executable_path/Frameworks";
				PRODUCT_BUNDLE_IDENTIFIER = "jp.co.arte-inc.Calculator";
				PRODUCT_NAME = "$(TARGET_NAME)";
				SWIFT_VERSION = 3.0;
			};
			name = Release;
		};
/* End XCBuildConfiguration section */

/* Begin XCConfigurationList section */
		6B178D7A1D4F2D4000CF1611 /* Build configuration list for PBXProject "Calculator" */ = {
			isa = XCConfigurationList;
			buildConfigurations = (
				6B178D8F1D4F2D4100CF1611 /* Debug */,
				6B178D901D4F2D4100CF1611 /* Release */,
			);
			defaultConfigurationIsVisible = 0;
			defaultConfigurationName = Release;
		};
		6B178D911D4F2D4100CF1611 /* Build configuration list for PBXNativeTarget "Calculator" */ = {
			isa = XCConfigurationList;
			buildConfigurations = (
				6B178D921D4F2D4100CF1611 /* Debug */,
				6B178D931D4F2D4100CF1611 /* Release */,
			);
			defaultConfigurationIsVisible = 0;
			defaultConfigurationName = Release;
		};
/* End XCConfigurationList section */
	};
	rootObject = 6B178D771D4F2D4000CF1611 /* Project object */;
}
