// !$*UTF8*$!
{
	archiveVersion = 1;
	classes = {
	};
	objectVersion = 46;
	objects = {

/* Begin PBXBuildFile section */
		6B0259651D87C5D70079EF6A /* AppDelegate.swift in Sources */ = {isa = PBXBuildFile; fileRef = 6B0259641D87C5D70079EF6A /* AppDelegate.swift */; };
		6B02596A1D87C5D70079EF6A /* Main.storyboard in Resources */ = {isa = PBXBuildFile; fileRef = 6B0259681D87C5D70079EF6A /* Main.storyboard */; };
		6B02596C1D87C5D70079EF6A /* Assets.xcassets in Resources */ = {isa = PBXBuildFile; fileRef = 6B02596B1D87C5D70079EF6A /* Assets.xcassets */; };
		6B02596F1D87C5D70079EF6A /* LaunchScreen.storyboard in Resources */ = {isa = PBXBuildFile; fileRef = 6B02596D1D87C5D70079EF6A /* LaunchScreen.storyboard */; };
		6B0259781D87C6640079EF6A /* DropItView.swift in Sources */ = {isa = PBXBuildFile; fileRef = 6B0259771D87C6640079EF6A /* DropItView.swift */; };
		6B02597A1D87C6C70079EF6A /* DropItViewController.swift in Sources */ = {isa = PBXBuildFile; fileRef = 6B0259791D87C6C70079EF6A /* DropItViewController.swift */; };
		6B02597C1D87C8D40079EF6A /* UIKit Extensions.swift in Sources */ = {isa = PBXBuildFile; fileRef = 6B02597B1D87C8D40079EF6A /* UIKit Extensions.swift */; };
		6B0259801D87E7830079EF6A /* FallingObjectBehavior.swift in Sources */ = {isa = PBXBuildFile; fileRef = 6B02597F1D87E7830079EF6A /* FallingObjectBehavior.swift */; };
		6BE45F6A1D8911630043609A /* NamedBezierPathView.swift in Sources */ = {isa = PBXBuildFile; fileRef = 6BE45F691D8911630043609A /* NamedBezierPathView.swift */; };
/* End PBXBuildFile section */

/* Begin PBXFileReference section */
		6B0259611D87C5D70079EF6A /* DropIt.app */ = {isa = PBXFileReference; explicitFileType = wrapper.application; includeInIndex = 0; path = DropIt.app; sourceTree = BUILT_PRODUCTS_DIR; };
		6B0259641D87C5D70079EF6A /* AppDelegate.swift */ = {isa = PBXFileReference; lastKnownFileType = sourcecode.swift; path = AppDelegate.swift; sourceTree = "<group>"; };
		6B0259691D87C5D70079EF6A /* Base */ = {isa = PBXFileReference; lastKnownFileType = file.storyboard; name = Base; path = Base.lproj/Main.storyboard; sourceTree = "<group>"; };
		6B02596B1D87C5D70079EF6A /* Assets.xcassets */ = {isa = PBXFileReference; lastKnownFileType = folder.assetcatalog; path = Assets.xcassets; sourceTree = "<group>"; };
		6B02596E1D87C5D70079EF6A /* Base */ = {isa = PBXFileReference; lastKnownFileType = file.storyboard; name = Base; path = Base.lproj/LaunchScreen.storyboard; sourceTree = "<group>"; };
		6B0259701D87C5D70079EF6A /* Info.plist */ = {isa = PBXFileReference; lastKnownFileType = text.plist.xml; path = Info.plist; sourceTree = "<group>"; };
		6B0259771D87C6640079EF6A /* DropItView.swift */ = {isa = PBXFileReference; fileEncoding = 4; lastKnownFileType = sourcecode.swift; path = DropItView.swift; sourceTree = "<group>"; };
		6B0259791D87C6C70079EF6A /* DropItViewController.swift */ = {isa = PBXFileReference; fileEncoding = 4; lastKnownFileType = sourcecode.swift; path = DropItViewController.swift; sourceTree = "<group>"; };
		6B02597B1D87C8D40079EF6A /* UIKit Extensions.swift */ = {isa = PBXFileReference; fileEncoding = 4; lastKnownFileType = sourcecode.swift; path = "UIKit Extensions.swift"; sourceTree = "<group>"; };
		6B02597F1D87E7830079EF6A /* FallingObjectBehavior.swift */ = {isa = PBXFileReference; fileEncoding = 4; lastKnownFileType = sourcecode.swift; path = FallingObjectBehavior.swift; sourceTree = "<group>"; };
		6BE45F691D8911630043609A /* NamedBezierPathView.swift */ = {isa = PBXFileReference; fileEncoding = 4; lastKnownFileType = sourcecode.swift; path = NamedBezierPathView.swift; sourceTree = "<group>"; };
/* End PBXFileReference section */

/* Begin PBXFrameworksBuildPhase section */
		6B02595E1D87C5D70079EF6A /* Frameworks */ = {
			isa = PBXFrameworksBuildPhase;
			buildActionMask = 2147483647;
			files = (
			);
			runOnlyForDeploymentPostprocessing = 0;
		};
/* End PBXFrameworksBuildPhase section */

/* Begin PBXGroup section */
		6B0259581D87C5D70079EF6A = {
			isa = PBXGroup;
			children = (
				6B0259631D87C5D70079EF6A /* DropIt */,
				6B0259621D87C5D70079EF6A /* Products */,
			);
			sourceTree = "<group>";
		};
		6B0259621D87C5D70079EF6A /* Products */ = {
			isa = PBXGroup;
			children = (
				6B0259611D87C5D70079EF6A /* DropIt.app */,
			);
			name = Products;
			sourceTree = "<group>";
		};
		6B0259631D87C5D70079EF6A /* DropIt */ = {
			isa = PBXGroup;
			children = (
				6B0259681D87C5D70079EF6A /* Main.storyboard */,
				6B02597F1D87E7830079EF6A /* FallingObjectBehavior.swift */,
				6B02597B1D87C8D40079EF6A /* UIKit Extensions.swift */,
				6B0259771D87C6640079EF6A /* DropItView.swift */,
				6BE45F691D8911630043609A /* NamedBezierPathView.swift */,
				6B0259791D87C6C70079EF6A /* DropItViewController.swift */,
				6B0259761D87C6010079EF6A /* Supporting Files */,
			);
			path = DropIt;
			sourceTree = "<group>";
		};
		6B0259761D87C6010079EF6A /* Supporting Files */ = {
			isa = PBXGroup;
			children = (
				6B0259641D87C5D70079EF6A /* AppDelegate.swift */,
				6B02596B1D87C5D70079EF6A /* Assets.xcassets */,
				6B02596D1D87C5D70079EF6A /* LaunchScreen.storyboard */,
				6B0259701D87C5D70079EF6A /* Info.plist */,
			);
			name = "Supporting Files";
			sourceTree = "<group>";
		};
/* End PBXGroup section */

/* Begin PBXNativeTarget section */
		6B0259601D87C5D70079EF6A /* DropIt */ = {
			isa = PBXNativeTarget;
			buildConfigurationList = 6B0259731D87C5D70079EF6A /* Build configuration list for PBXNativeTarget "DropIt" */;
			buildPhases = (
				6B02595D1D87C5D70079EF6A /* Sources */,
				6B02595E1D87C5D70079EF6A /* Frameworks */,
				6B02595F1D87C5D70079EF6A /* Resources */,
			);
			buildRules = (
			);
			dependencies = (
			);
			name = DropIt;
			productName = DropIt;
			productReference = 6B0259611D87C5D70079EF6A /* DropIt.app */;
			productType = "com.apple.product-type.application";
		};
/* End PBXNativeTarget section */

/* Begin PBXProject section */
		6B0259591D87C5D70079EF6A /* Project object */ = {
			isa = PBXProject;
			attributes = {
				LastSwiftUpdateCheck = 0800;
				LastUpgradeCheck = 0800;
				ORGANIZATIONNAME = "ARTE Co., Ltd.";
				TargetAttributes = {
					6B0259601D87C5D70079EF6A = {
						CreatedOnToolsVersion = 8.0;
						DevelopmentTeam = DB5FPWGTP9;
						ProvisioningStyle = Automatic;
					};
				};
			};
			buildConfigurationList = 6B02595C1D87C5D70079EF6A /* Build configuration list for PBXProject "DropIt" */;
			compatibilityVersion = "Xcode 3.2";
			developmentRegion = English;
			hasScannedForEncodings = 0;
			knownRegions = (
				en,
				Base,
			);
			mainGroup = 6B0259581D87C5D70079EF6A;
			productRefGroup = 6B0259621D87C5D70079EF6A /* Products */;
			projectDirPath = "";
			projectRoot = "";
			targets = (
				6B0259601D87C5D70079EF6A /* DropIt */,
			);
		};
/* End PBXProject section */

/* Begin PBXResourcesBuildPhase section */
		6B02595F1D87C5D70079EF6A /* Resources */ = {
			isa = PBXResourcesBuildPhase;
			buildActionMask = 2147483647;
			files = (
				6B02596F1D87C5D70079EF6A /* LaunchScreen.storyboard in Resources */,
				6B02596C1D87C5D70079EF6A /* Assets.xcassets in Resources */,
				6B02596A1D87C5D70079EF6A /* Main.storyboard in Resources */,
			);
			runOnlyForDeploymentPostprocessing = 0;
		};
/* End PBXResourcesBuildPhase section */

/* Begin PBXSourcesBuildPhase section */
		6B02595D1D87C5D70079EF6A /* Sources */ = {
			isa = PBXSourcesBuildPhase;
			buildActionMask = 2147483647;
			files = (
				6BE45F6A1D8911630043609A /* NamedBezierPathView.swift in Sources */,
				6B02597A1D87C6C70079EF6A /* DropItViewController.swift in Sources */,
				6B0259781D87C6640079EF6A /* DropItView.swift in Sources */,
				6B0259801D87E7830079EF6A /* FallingObjectBehavior.swift in Sources */,
				6B0259651D87C5D70079EF6A /* AppDelegate.swift in Sources */,
				6B02597C1D87C8D40079EF6A /* UIKit Extensions.swift in Sources */,
			);
			runOnlyForDeploymentPostprocessing = 0;
		};
/* End PBXSourcesBuildPhase section */

/* Begin PBXVariantGroup section */
		6B0259681D87C5D70079EF6A /* Main.storyboard */ = {
			isa = PBXVariantGroup;
			children = (
				6B0259691D87C5D70079EF6A /* Base */,
			);
			name = Main.storyboard;
			sourceTree = "<group>";
		};
		6B02596D1D87C5D70079EF6A /* LaunchScreen.storyboard */ = {
			isa = PBXVariantGroup;
			children = (
				6B02596E1D87C5D70079EF6A /* Base */,
			);
			name = LaunchScreen.storyboard;
			sourceTree = "<group>";
		};
/* End PBXVariantGroup section */

/* Begin XCBuildConfiguration section */
		6B0259711D87C5D70079EF6A /* Debug */ = {
			isa = XCBuildConfiguration;
			buildSettings = {
				ALWAYS_SEARCH_USER_PATHS = NO;
				CLANG_ANALYZER_NONNULL = YES;
				CLANG_CXX_LANGUAGE_STANDARD = "gnu++0x";
				CLANG_CXX_LIBRARY = "libc++";
				CLANG_ENABLE_MODULES = YES;
				CLANG_ENABLE_OBJC_ARC = YES;
				CLANG_WARN_BOOL_CONVERSION = YES;
				CLANG_WARN_CONSTANT_CONVERSION = YES;
				CLANG_WARN_DIRECT_OBJC_ISA_USAGE = YES_ERROR;
				CLANG_WARN_DOCUMENTATION_COMMENTS = YES;
				CLANG_WARN_EMPTY_BODY = YES;
				CLANG_WARN_ENUM_CONVERSION = YES;
				CLANG_WARN_INFINITE_RECURSION = YES;
				CLANG_WARN_INT_CONVERSION = YES;
				CLANG_WARN_OBJC_ROOT_CLASS = YES_ERROR;
				CLANG_WARN_SUSPICIOUS_MOVES = YES;
				CLANG_WARN_UNREACHABLE_CODE = YES;
				CLANG_WARN__DUPLICATE_METHOD_MATCH = YES;
				"CODE_SIGN_IDENTITY[sdk=iphoneos*]" = "iPhone Developer";
				COPY_PHASE_STRIP = NO;
				DEBUG_INFORMATION_FORMAT = dwarf;
				ENABLE_STRICT_OBJC_MSGSEND = YES;
				ENABLE_TESTABILITY = YES;
				GCC_C_LANGUAGE_STANDARD = gnu99;
				GCC_DYNAMIC_NO_PIC = NO;
				GCC_NO_COMMON_BLOCKS = YES;
				GCC_OPTIMIZATION_LEVEL = 0;
				GCC_PREPROCESSOR_DEFINITIONS = (
					"DEBUG=1",
					"$(inherited)",
				);
				GCC_WARN_64_TO_32_BIT_CONVERSION = YES;
				GCC_WARN_ABOUT_RETURN_TYPE = YES_ERROR;
				GCC_WARN_UNDECLARED_SELECTOR = YES;
				GCC_WARN_UNINITIALIZED_AUTOS = YES_AGGRESSIVE;
				GCC_WARN_UNUSED_FUNCTION = YES;
				GCC_WARN_UNUSED_VARIABLE = YES;
				IPHONEOS_DEPLOYMENT_TARGET = 10.0;
				MTL_ENABLE_DEBUG_INFO = YES;
				ONLY_ACTIVE_ARCH = YES;
				SDKROOT = iphoneos;
				SWIFT_ACTIVE_COMPILATION_CONDITIONS = DEBUG;
				SWIFT_OPTIMIZATION_LEVEL = "-Onone";
			};
			name = Debug;
		};
		6B0259721D87C5D70079EF6A /* Release */ = {
			isa = XCBuildConfiguration;
			buildSettings = {
				ALWAYS_SEARCH_USER_PATHS = NO;
				CLANG_ANALYZER_NONNULL = YES;
				CLANG_CXX_LANGUAGE_STANDARD = "gnu++0x";
				CLANG_CXX_LIBRARY = "libc++";
				CLANG_ENABLE_MODULES = YES;
				CLANG_ENABLE_OBJC_ARC = YES;
				CLANG_WARN_BOOL_CONVERSION = YES;
				CLANG_WARN_CONSTANT_CONVERSION = YES;
				CLANG_WARN_DIRECT_OBJC_ISA_USAGE = YES_ERROR;
				CLANG_WARN_DOCUMENTATION_COMMENTS = YES;
				CLANG_WARN_EMPTY_BODY = YES;
				CLANG_WARN_ENUM_CONVERSION = YES;
				CLANG_WARN_INFINITE_RECURSION = YES;
				CLANG_WARN_INT_CONVERSION = YES;
				CLANG_WARN_OBJC_ROOT_CLASS = YES_ERROR;
				CLANG_WARN_SUSPICIOUS_MOVES = YES;
				CLANG_WARN_UNREACHABLE_CODE = YES;
				CLANG_WARN__DUPLICATE_METHOD_MATCH = YES;
				"CODE_SIGN_IDENTITY[sdk=iphoneos*]" = "iPhone Developer";
				COPY_PHASE_STRIP = NO;
				DEBUG_INFORMATION_FORMAT = "dwarf-with-dsym";
				ENABLE_NS_ASSERTIONS = NO;
				ENABLE_STRICT_OBJC_MSGSEND = YES;
				GCC_C_LANGUAGE_STANDARD = gnu99;
				GCC_NO_COMMON_BLOCKS = YES;
				GCC_WARN_64_TO_32_BIT_CONVERSION = YES;
				GCC_WARN_ABOUT_RETURN_TYPE = YES_ERROR;
				GCC_WARN_UNDECLARED_SELECTOR = YES;
				GCC_WARN_UNINITIALIZED_AUTOS = YES_AGGRESSIVE;
				GCC_WARN_UNUSED_FUNCTION = YES;
				GCC_WARN_UNUSED_VARIABLE = YES;
				IPHONEOS_DEPLOYMENT_TARGET = 10.0;
				MTL_ENABLE_DEBUG_INFO = NO;
				SDKROOT = iphoneos;
				SWIFT_OPTIMIZATION_LEVEL = "-Owholemodule";
				VALIDATE_PRODUCT = YES;
			};
			name = Release;
		};
		6B0259741D87C5D70079EF6A /* Debug */ = {
			isa = XCBuildConfiguration;
			buildSettings = {
				ASSETCATALOG_COMPILER_APPICON_NAME = AppIcon;
				DEVELOPMENT_TEAM = DB5FPWGTP9;
				INFOPLIST_FILE = DropIt/Info.plist;
				LD_RUNPATH_SEARCH_PATHS = "$(inherited) @executable_path/Frameworks";
				PRODUCT_BUNDLE_IDENTIFIER = "jp.co.arte-inc.DropIt";
				PRODUCT_NAME = "$(TARGET_NAME)";
				SWIFT_VERSION = 3.0;
			};
			name = Debug;
		};
		6B0259751D87C5D70079EF6A /* Release */ = {
			isa = XCBuildConfiguration;
			buildSettings = {
				ASSETCATALOG_COMPILER_APPICON_NAME = AppIcon;
				DEVELOPMENT_TEAM = DB5FPWGTP9;
				INFOPLIST_FILE = DropIt/Info.plist;
				LD_RUNPATH_SEARCH_PATHS = "$(inherited) @executable_path/Frameworks";
				PRODUCT_BUNDLE_IDENTIFIER = "jp.co.arte-inc.DropIt";
				PRODUCT_NAME = "$(TARGET_NAME)";
				SWIFT_VERSION = 3.0;
			};
			name = Release;
		};
/* End XCBuildConfiguration section */

/* Begin XCConfigurationList section */
		6B02595C1D87C5D70079EF6A /* Build configuration list for PBXProject "DropIt" */ = {
			isa = XCConfigurationList;
			buildConfigurations = (
				6B0259711D87C5D70079EF6A /* Debug */,
				6B0259721D87C5D70079EF6A /* Release */,
			);
			defaultConfigurationIsVisible = 0;
			defaultConfigurationName = Release;
		};
		6B0259731D87C5D70079EF6A /* Build configuration list for PBXNativeTarget "DropIt" */ = {
			isa = XCConfigurationList;
			buildConfigurations = (
				6B0259741D87C5D70079EF6A /* Debug */,
				6B0259751D87C5D70079EF6A /* Release */,
			);
			defaultConfigurationIsVisible = 0;
			defaultConfigurationName = Release;
		};
/* End XCConfigurationList section */
	};
	rootObject = 6B0259591D87C5D70079EF6A /* Project object */;
}
